lockfileVersion: '9.0'

settings:
  autoInstallPeers: true
  excludeLinksFromLockfile: false

importers:

  .:
    dependencies:
      '@fortawesome/fontawesome-svg-core':
        specifier: ^6.6.0
        version: 6.6.0
      bootstrap:
        specifier: ^5.3.3
        version: 5.3.3(@popperjs/core@2.11.8)

packages:

  '@fortawesome/fontawesome-common-types@6.6.0':
    resolution: {integrity: sha512-xyX0X9mc0kyz9plIyryrRbl7ngsA9jz77mCZJsUkLl+ZKs0KWObgaEBoSgQiYWAsSmjz/yjl0F++Got0Mdp4Rw==}
    engines: {node: '>=6'}

  '@fortawesome/fontawesome-svg-core@6.6.0':
    resolution: {integrity: sha512-KHwPkCk6oRT4HADE7smhfsKudt9N/9lm6EJ5BVg0tD1yPA5hht837fB87F8pn15D8JfTqQOjhKTktwmLMiD7Kg==}
    engines: {node: '>=6'}

  '@popperjs/core@2.11.8':
    resolution: {integrity: sha512-P1st0aksCrn9sGZhp8GMYwBnQsbvAWsZAX44oXNNvLHGqAOcoVxmjZiohstwQ7SqKnbR47akdNi+uleWD8+g6A==}

  bootstrap@5.3.3:
    resolution: {integrity: sha512-8HLCdWgyoMguSO9o+aH+iuZ+aht+mzW0u3HIMzVu7Srrpv7EBBxTnrFlSCskwdY1+EOFQSm7uMJhNQHkdPcmjg==}
    peerDependencies:
      '@popperjs/core': ^2.11.8

snapshots:

  '@fortawesome/fontawesome-common-types@6.6.0': {}

  '@fortawesome/fontawesome-svg-core@6.6.0':
    dependencies:
      '@fortawesome/fontawesome-common-types': 6.6.0

  '@popperjs/core@2.11.8': {}

  bootstrap@5.3.3(@popperjs/core@2.11.8):
    dependencies:
      '@popperjs/core': 2.11.8
